
Microsoft Visual Studio Solution File, Format Version 12.00
# Visual Studio Version 17
VisualStudioVersion = 17.4.33213.308
MinimumVisualStudioVersion = 10.0.40219.1
Project("{FAE04EC0-301F-11D3-BF4B-00C04F79EFBC}") = "Amazonn", "Amazonn\Amazonn.csproj", "{912C99D0-2922-4F32-80CF-63267BC8C7A8}"
EndProject
Global
	GlobalSection(SolutionConfigurationPlatforms) = preSolution
		Debug|Any CPU = Debug|Any CPU
		Release|Any CPU = Release|Any CPU
	EndGlobalSection
	GlobalSection(ProjectConfigurationPlatforms) = postSolution
		{912C99D0-2922-4F32-80CF-63267BC8C7A8}.Debug|Any CPU.ActiveCfg = Debug|Any CPU
		{912C99D0-2922-4F32-80CF-63267BC8C7A8}.Debug|Any CPU.Build.0 = Debug|Any CPU
		{912C99D0-2922-4F32-80CF-63267BC8C7A8}.Release|Any CPU.ActiveCfg = Release|Any CPU
		{912C99D0-2922-4F32-80CF-63267BC8C7A8}.Release|Any CPU.Build.0 = Release|Any CPU
	EndGlobalSection
	GlobalSection(SolutionProperties) = preSolution
		HideSolutionNode = FALSE
	EndGlobalSection
	GlobalSection(ExtensibilityGlobals) = postSolution
		SolutionGuid = {D88D7B8D-D0B3-49DD-BDB8-86637055E60C}
	EndGlobalSection
EndGlobal
